
Microsoft Visual Studio Solution File, Format Version 12.00
# Visual Studio Version 16
VisualStudioVersion = 16.0.29926.136
MinimumVisualStudioVersion = 10.0.40219.1
Project("{FAE04EC0-301F-11D3-BF4B-00C04F79EFBC}") = "ComputerShop", "ComputerShop\ComputerShop.csproj", "{EC5DE585-A428-4C26-96A4-27708A90FFFC}"
EndProject
Global
	GlobalSection(SolutionConfigurationPlatforms) = preSolution
		Debug|Any CPU = Debug|Any CPU
		Release|Any CPU = Release|Any CPU
	EndGlobalSection
	GlobalSection(ProjectConfigurationPlatforms) = postSolution
		{EC5DE585-A428-4C26-96A4-27708A90FFFC}.Debug|Any CPU.ActiveCfg = Debug|Any CPU
		{EC5DE585-A428-4C26-96A4-27708A90FFFC}.Debug|Any CPU.Build.0 = Debug|Any CPU
		{EC5DE585-A428-4C26-96A4-27708A90FFFC}.Release|Any CPU.ActiveCfg = Release|Any CPU
		{EC5DE585-A428-4C26-96A4-27708A90FFFC}.Release|Any CPU.Build.0 = Release|Any CPU
	EndGlobalSection
	GlobalSection(SolutionProperties) = preSolution
		HideSolutionNode = FALSE
	EndGlobalSection
	GlobalSection(ExtensibilityGlobals) = postSolution
		SolutionGuid = {AC24351C-B63C-4211-B886-21C98C08F0FF}
	EndGlobalSection
EndGlobal
